<?xml version="1.0" encoding="utf-8"?>
<Project ToolsVersion="4.0" xmlns="http://schemas.microsoft.com/developer/msbuild/2003">
  <ItemGroup>
    <Filter Include="Source Files">
      <UniqueIdentifier>{4FC737F1-C7A5-4376-A066-2A32D752A2FF}</UniqueIdentifier>
      <Extensions>cpp;c;cc;cxx;c++;cppm;ixx;def;odl;idl;hpj;bat;asm;asmx</Extensions>
    </Filter>
    <Filter Include="Header Files">
      <UniqueIdentifier>{93995380-89BD-4b04-88EB-625FBE52EBFB}</UniqueIdentifier>
      <Extensions>h;hh;hpp;hxx;h++;hm;inl;inc;ipp;xsd</Extensions>
    </Filter>
    <Filter Include="Resource Files">
      <UniqueIdentifier>{67DA6AB6-F800-4c08-8B7A-83BB121AAD01}</UniqueIdentifier>
      <Extensions>rc;ico;cur;bmp;dlg;rc2;rct;bin;rgs;gif;jpg;jpeg;jpe;resx;tiff;tif;png;wav;mfcribbon-ms</Extensions>
    </Filter>
    <Filter Include="gtest">
      <UniqueIdentifier>{564dc244-adad-4e0c-a3b7-50f12bf2bd44}</UniqueIdentifier>
    </Filter>
    <Filter Include="tests">
      <UniqueIdentifier>{a7bef72a-ff5a-4cce-a2df-ba8b1e7ffaa2}</UniqueIdentifier>
    </Filter>
  </ItemGroup>
  <ItemGroup>
    <ClInclude Include="fstring.h">
      <Filter>Header Files</Filter>
    </ClInclude>
    <ClInclude Include="fstringstream.h">
      <Filter>Header Files</Filter>
    </ClInclude>
  </ItemGroup>
  <ItemGroup>
    <ClCompile Include="tests\access.cpp">
      <Filter>tests</Filter>
    </ClCompile>
    <ClCompile Include="tests\assign.cpp">
      <Filter>tests</Filter>
    </ClCompile>
    <ClCompile Include="tests\change.cpp">
      <Filter>tests</Filter>
    </ClCompile>
    <ClCompile Include="tests\compare.cpp">
      <Filter>tests</Filter>
    </ClCompile>
    <ClCompile Include="tests\constexpr.cpp">
      <Filter>tests</Filter>
    </ClCompile>
    <ClCompile Include="tests\construct.cpp">
      <Filter>tests</Filter>
    </ClCompile>
    <ClCompile Include="tests\containers.cpp">
      <Filter>tests</Filter>
    </ClCompile>
    <ClCompile Include="tests\conversions.cpp">
      <Filter>tests</Filter>
    </ClCompile>
    <ClCompile Include="tests\empty.cpp">
      <Filter>tests</Filter>
    </ClCompile>
    <ClCompile Include="tests\erase.cpp">
      <Filter>tests</Filter>
    </ClCompile>
    <ClCompile Include="tests\find.cpp">
      <Filter>tests</Filter>
    </ClCompile>
    <ClCompile Include="tests\insert.cpp">
      <Filter>tests</Filter>
    </ClCompile>
    <ClCompile Include="tests\memcpy.cpp">
      <Filter>tests</Filter>
    </ClCompile>
    <ClCompile Include="tests\printf.cpp">
      <Filter>tests</Filter>
    </ClCompile>
    <ClCompile Include="tests\reference.cpp">
      <Filter>tests</Filter>
    </ClCompile>
    <ClCompile Include="tests\stream.cpp">
      <Filter>tests</Filter>
    </ClCompile>
    <ClCompile Include="tests\substr.cpp">
      <Filter>tests</Filter>
    </ClCompile>
    <ClCompile Include="tests\tests_main.cpp">
      <Filter>tests</Filter>
    </ClCompile>
    <ClCompile Include="tests\traits.cpp">
      <Filter>tests</Filter>
    </ClCompile>
    <ClCompile Include="tests\trim.cpp">
      <Filter>tests</Filter>
    </ClCompile>
    <ClCompile Include="tests\variadic.cpp">
      <Filter>tests</Filter>
    </ClCompile>
    <ClCompile Include="googletest\googletest\src\gtest-all.cc">
      <Filter>gtest</Filter>
    </ClCompile>
  </ItemGroup>
</Project>